{
  "name": "am-editor-map",
  "version": "1.1.12",
  "lockfileVersion": 1,
  "requires": true,
  "dependencies": {
    "@babel/runtime": {
      "version": "7.21.5",
      "resolved": "https://registry.npmmirror.com/@babel/runtime/-/runtime-7.21.5.tgz",
      "integrity": "sha512-8jI69toZqqcsnqGGqwGS4Qb1VwLOEp4hz+CXPywcvjs60u3B4Pom/U/7rm4W8tMOYEB+E9wgD0mW1l3r8qlI9Q==",
      "requires": {
        "regenerator-runtime": "^0.13.11"
      }
    },
    "@types/autosize": {
      "version": "4.0.1",
      "resolved": "https://registry.npmmirror.com/@types/autosize/-/autosize-4.0.1.tgz",
      "integrity": "sha512-iPJT/FCaSO79G6j+9n6gmFc5nhxZ1gDrA2UAvb5FslJ6FJQZnDfbBU0qp5vpp0Cbjj7+gOyjuWZ7RrXvRuETaA==",
      "dev": true
    },
    "autosize": {
      "version": "5.0.2",
      "resolved": "https://registry.npmmirror.com/autosize/-/autosize-5.0.2.tgz",
      "integrity": "sha512-FPVt5ynkqUAA9gcMZnJHka1XfQgr1WNd/yRfIjmj5WGmjua+u5Hl9hn8M2nU5CNy2bEIcj1ZUwXq7IOHsfZG9w=="
    },
    "regenerator-runtime": {
      "version": "0.13.11",
      "resolved": "https://registry.npmmirror.com/regenerator-runtime/-/regenerator-runtime-0.13.11.tgz",
      "integrity": "sha512-kY1AZVr2Ra+t+piVaJ4gxaFaReZVH40AKNo7UCX6W+dEwBo/2oZJzqfuN1qLq1oL45o56cPaTXELwrTh8Fpggg=="
    }
  }
}
